
Microsoft Visual Studio Solution File, Format Version 12.00
# Visual Studio Version 17
VisualStudioVersion = 17.4.33110.190
MinimumVisualStudioVersion = 10.0.40219.1
Project("{9A19103F-16F7-4668-BE54-9A1E7A4F7556}") = "InkRealmMVC", "InkRealmMVC\InkRealmMVC.csproj", "{791047E0-34D4-42EA-961C-91519E2B4268}"
EndProject
Project("{9A19103F-16F7-4668-BE54-9A1E7A4F7556}") = "InkProductsGenerator", "InkProductsGenerator\InkProductsGenerator.csproj", "{77F3A42C-E270-4838-AAFE-5A7C1CBB9F26}"
	ProjectSection(ProjectDependencies) = postProject
		{791047E0-34D4-42EA-961C-91519E2B4268} = {791047E0-34D4-42EA-961C-91519E2B4268}
	EndProjectSection
EndProject
Global
	GlobalSection(SolutionConfigurationPlatforms) = preSolution
		Debug|Any CPU = Debug|Any CPU
		Release|Any CPU = Release|Any CPU
	EndGlobalSection
	GlobalSection(ProjectConfigurationPlatforms) = postSolution
		{791047E0-34D4-42EA-961C-91519E2B4268}.Debug|Any CPU.ActiveCfg = Debug|Any CPU
		{791047E0-34D4-42EA-961C-91519E2B4268}.Debug|Any CPU.Build.0 = Debug|Any CPU
		{791047E0-34D4-42EA-961C-91519E2B4268}.Release|Any CPU.ActiveCfg = Release|Any CPU
		{791047E0-34D4-42EA-961C-91519E2B4268}.Release|Any CPU.Build.0 = Release|Any CPU
		{77F3A42C-E270-4838-AAFE-5A7C1CBB9F26}.Debug|Any CPU.ActiveCfg = Debug|Any CPU
		{77F3A42C-E270-4838-AAFE-5A7C1CBB9F26}.Debug|Any CPU.Build.0 = Debug|Any CPU
		{77F3A42C-E270-4838-AAFE-5A7C1CBB9F26}.Release|Any CPU.ActiveCfg = Release|Any CPU
		{77F3A42C-E270-4838-AAFE-5A7C1CBB9F26}.Release|Any CPU.Build.0 = Release|Any CPU
	EndGlobalSection
	GlobalSection(SolutionProperties) = preSolution
		HideSolutionNode = FALSE
	EndGlobalSection
	GlobalSection(ExtensibilityGlobals) = postSolution
		SolutionGuid = {E0AFEA3D-9639-4800-BB45-41834227A254}
	EndGlobalSection
EndGlobal
