
Microsoft Visual Studio Solution File, Format Version 12.00
# Visual Studio Version 17
VisualStudioVersion = 17.4.33110.190
MinimumVisualStudioVersion = 10.0.40219.1
Project("{FAE04EC0-301F-11D3-BF4B-00C04F79EFBC}") = "InkRealmMVC", "InkRealmMVC\InkRealmMVC.csproj", "{791047E0-34D4-42EA-961C-91519E2B4268}"
EndProject
Global
	GlobalSection(SolutionConfigurationPlatforms) = preSolution
		Debug|Any CPU = Debug|Any CPU
		Release|Any CPU = Release|Any CPU
	EndGlobalSection
	GlobalSection(ProjectConfigurationPlatforms) = postSolution
		{791047E0-34D4-42EA-961C-91519E2B4268}.Debug|Any CPU.ActiveCfg = Debug|Any CPU
		{791047E0-34D4-42EA-961C-91519E2B4268}.Debug|Any CPU.Build.0 = Debug|Any CPU
		{791047E0-34D4-42EA-961C-91519E2B4268}.Release|Any CPU.ActiveCfg = Release|Any CPU
		{791047E0-34D4-42EA-961C-91519E2B4268}.Release|Any CPU.Build.0 = Release|Any CPU
	EndGlobalSection
	GlobalSection(SolutionProperties) = preSolution
		HideSolutionNode = FALSE
	EndGlobalSection
	GlobalSection(ExtensibilityGlobals) = postSolution
		SolutionGuid = {E0AFEA3D-9639-4800-BB45-41834227A254}
	EndGlobalSection
EndGlobal
